
Microsoft Visual Studio Solution File, Format Version 12.00
# Visual Studio Version 16
VisualStudioVersion = 16.0.30907.101
MinimumVisualStudioVersion = 10.0.40219.1
Project("{FAE04EC0-301F-11D3-BF4B-00C04F79EFBC}") = "CarvedRock.Api", "CarvedRock.Api\CarvedRock.Api.csproj", "{0A0139D0-8C3A-4DFF-A6BC-6BCA43F3B868}"
EndProject
Global
	GlobalSection(SolutionConfigurationPlatforms) = preSolution
		Debug|Any CPU = Debug|Any CPU
		Release|Any CPU = Release|Any CPU
	EndGlobalSection
	GlobalSection(ProjectConfigurationPlatforms) = postSolution
		{0A0139D0-8C3A-4DFF-A6BC-6BCA43F3B868}.Debug|Any CPU.ActiveCfg = Debug|Any CPU
		{0A0139D0-8C3A-4DFF-A6BC-6BCA43F3B868}.Debug|Any CPU.Build.0 = Debug|Any CPU
		{0A0139D0-8C3A-4DFF-A6BC-6BCA43F3B868}.Release|Any CPU.ActiveCfg = Release|Any CPU
		{0A0139D0-8C3A-4DFF-A6BC-6BCA43F3B868}.Release|Any CPU.Build.0 = Release|Any CPU
	EndGlobalSection
	GlobalSection(SolutionProperties) = preSolution
		HideSolutionNode = FALSE
	EndGlobalSection
	GlobalSection(ExtensibilityGlobals) = postSolution
		SolutionGuid = {0A4C7F19-0A05-469E-B30F-3660EF7150BD}
	EndGlobalSection
EndGlobal
